
Microsoft Visual Studio Solution File, Format Version 12.00
# Visual Studio Version 17
VisualStudioVersion = 17.5.33424.131
MinimumVisualStudioVersion = 10.0.40219.1
Project("{8BC9CEB8-8B4A-11D0-8D11-00A0C91BC942}") = "Banco", "Banco\Banco.vcxproj", "{DF2A9650-F2E1-4832-A16E-6E0907D39C0A}"
EndProject
Global
	GlobalSection(SolutionConfigurationPlatforms) = preSolution
		Debug|x64 = Debug|x64
		Debug|x86 = Debug|x86
		Release|x64 = Release|x64
		Release|x86 = Release|x86
	EndGlobalSection
	GlobalSection(ProjectConfigurationPlatforms) = postSolution
		{DF2A9650-F2E1-4832-A16E-6E0907D39C0A}.Debug|x64.ActiveCfg = Debug|x64
		{DF2A9650-F2E1-4832-A16E-6E0907D39C0A}.Debug|x64.Build.0 = Debug|x64
		{DF2A9650-F2E1-4832-A16E-6E0907D39C0A}.Debug|x86.ActiveCfg = Debug|Win32
		{DF2A9650-F2E1-4832-A16E-6E0907D39C0A}.Debug|x86.Build.0 = Debug|Win32
		{DF2A9650-F2E1-4832-A16E-6E0907D39C0A}.Release|x64.ActiveCfg = Release|x64
		{DF2A9650-F2E1-4832-A16E-6E0907D39C0A}.Release|x64.Build.0 = Release|x64
		{DF2A9650-F2E1-4832-A16E-6E0907D39C0A}.Release|x86.ActiveCfg = Release|Win32
		{DF2A9650-F2E1-4832-A16E-6E0907D39C0A}.Release|x86.Build.0 = Release|Win32
	EndGlobalSection
	GlobalSection(SolutionProperties) = preSolution
		HideSolutionNode = FALSE
	EndGlobalSection
	GlobalSection(ExtensibilityGlobals) = postSolution
		SolutionGuid = {471B0632-DE67-475A-82F3-3A47A3344429}
	EndGlobalSection
EndGlobal
